
Microsoft Visual Studio Solution File, Format Version 12.00
# Visual Studio Version 16
VisualStudioVersion = 16.0.31624.102
MinimumVisualStudioVersion = 10.0.40219.1
Project("{FAE04EC0-301F-11D3-BF4B-00C04F79EFBC}") = "Proj1 tB", "Proj1 tB\Proj1 tB.csproj", "{8804A4F0-ED22-47F1-991F-B4259BFC7CC0}"
EndProject
Global
	GlobalSection(SolutionConfigurationPlatforms) = preSolution
		Debug|Any CPU = Debug|Any CPU
		Release|Any CPU = Release|Any CPU
	EndGlobalSection
	GlobalSection(ProjectConfigurationPlatforms) = postSolution
		{8804A4F0-ED22-47F1-991F-B4259BFC7CC0}.Debug|Any CPU.ActiveCfg = Debug|Any CPU
		{8804A4F0-ED22-47F1-991F-B4259BFC7CC0}.Debug|Any CPU.Build.0 = Debug|Any CPU
		{8804A4F0-ED22-47F1-991F-B4259BFC7CC0}.Release|Any CPU.ActiveCfg = Release|Any CPU
		{8804A4F0-ED22-47F1-991F-B4259BFC7CC0}.Release|Any CPU.Build.0 = Release|Any CPU
	EndGlobalSection
	GlobalSection(SolutionProperties) = preSolution
		HideSolutionNode = FALSE
	EndGlobalSection
	GlobalSection(ExtensibilityGlobals) = postSolution
		SolutionGuid = {4A933EF8-E719-4E3C-8969-57551CDE9BF1}
	EndGlobalSection
EndGlobal
