
Microsoft Visual Studio Solution File, Format Version 12.00
# Visual Studio Version 16
VisualStudioVersion = 16.0.31624.102
MinimumVisualStudioVersion = 10.0.40219.1
Project("{FAE04EC0-301F-11D3-BF4B-00C04F79EFBC}") = "GestãoProdutos tB", "GestãoProdutos tB\GestãoProdutos tB.csproj", "{6097CEFC-87B5-4A97-B1E8-F1C623ABC784}"
EndProject
Global
	GlobalSection(SolutionConfigurationPlatforms) = preSolution
		Debug|Any CPU = Debug|Any CPU
		Release|Any CPU = Release|Any CPU
	EndGlobalSection
	GlobalSection(ProjectConfigurationPlatforms) = postSolution
		{6097CEFC-87B5-4A97-B1E8-F1C623ABC784}.Debug|Any CPU.ActiveCfg = Debug|Any CPU
		{6097CEFC-87B5-4A97-B1E8-F1C623ABC784}.Debug|Any CPU.Build.0 = Debug|Any CPU
		{6097CEFC-87B5-4A97-B1E8-F1C623ABC784}.Release|Any CPU.ActiveCfg = Release|Any CPU
		{6097CEFC-87B5-4A97-B1E8-F1C623ABC784}.Release|Any CPU.Build.0 = Release|Any CPU
	EndGlobalSection
	GlobalSection(SolutionProperties) = preSolution
		HideSolutionNode = FALSE
	EndGlobalSection
	GlobalSection(ExtensibilityGlobals) = postSolution
		SolutionGuid = {4AF79252-0BC9-4A0B-B493-448EA9010B00}
	EndGlobalSection
EndGlobal
